
Microsoft Visual Studio Solution File, Format Version 12.00
# Visual Studio Version 17
VisualStudioVersion = 17.9.34723.18
MinimumVisualStudioVersion = 10.0.40219.1
Project("{9A19103F-16F7-4668-BE54-9A1E7A4F7556}") = "KoiShowManagementSystem.Data", "KoiShowManagementSystem.Data\KoiShowManagementSystem.Data.csproj", "{F49FB753-C2F8-4370-A1CD-BE2C372590CD}"
EndProject
Project("{9A19103F-16F7-4668-BE54-9A1E7A4F7556}") = "KoiShowManagementSystem.Service", "KoiShowManagementSystem.Service\KoiShowManagementSystem.Service.csproj", "{65AB1FB8-9100-4BBC-BD36-9632574E665D}"
EndProject
Project("{9A19103F-16F7-4668-BE54-9A1E7A4F7556}") = "KoiShowManagementSystem.Common", "KoiShowManagementSystem.Common\KoiShowManagementSystem.Common.csproj", "{264D1D06-8E8A-40A8-BC78-65F2DC096956}"
EndProject
Project("{9A19103F-16F7-4668-BE54-9A1E7A4F7556}") = "KoiShowManagementSystem.APIService", "KoiShowManagementSystem.APIService\KoiShowManagementSystem.APIService.csproj", "{98B9AEA7-6EDE-4C06-8AEE-4A6961304ED2}"
EndProject
Project("{9A19103F-16F7-4668-BE54-9A1E7A4F7556}") = "KoiShowManagementSystem.MVCWebApp", "KoiShowManagementSystem.MVCWebApp\KoiShowManagementSystem.MVCWebApp.csproj", "{99FD2BEF-FB2E-4B35-8C88-F1101B4E2143}"
EndProject
Global
	GlobalSection(SolutionConfigurationPlatforms) = preSolution
		Debug|Any CPU = Debug|Any CPU
		Release|Any CPU = Release|Any CPU
	EndGlobalSection
	GlobalSection(ProjectConfigurationPlatforms) = postSolution
		{F49FB753-C2F8-4370-A1CD-BE2C372590CD}.Debug|Any CPU.ActiveCfg = Debug|Any CPU
		{F49FB753-C2F8-4370-A1CD-BE2C372590CD}.Debug|Any CPU.Build.0 = Debug|Any CPU
		{F49FB753-C2F8-4370-A1CD-BE2C372590CD}.Release|Any CPU.ActiveCfg = Release|Any CPU
		{F49FB753-C2F8-4370-A1CD-BE2C372590CD}.Release|Any CPU.Build.0 = Release|Any CPU
		{65AB1FB8-9100-4BBC-BD36-9632574E665D}.Debug|Any CPU.ActiveCfg = Debug|Any CPU
		{65AB1FB8-9100-4BBC-BD36-9632574E665D}.Debug|Any CPU.Build.0 = Debug|Any CPU
		{65AB1FB8-9100-4BBC-BD36-9632574E665D}.Release|Any CPU.ActiveCfg = Release|Any CPU
		{65AB1FB8-9100-4BBC-BD36-9632574E665D}.Release|Any CPU.Build.0 = Release|Any CPU
		{264D1D06-8E8A-40A8-BC78-65F2DC096956}.Debug|Any CPU.ActiveCfg = Debug|Any CPU
		{264D1D06-8E8A-40A8-BC78-65F2DC096956}.Debug|Any CPU.Build.0 = Debug|Any CPU
		{264D1D06-8E8A-40A8-BC78-65F2DC096956}.Release|Any CPU.ActiveCfg = Release|Any CPU
		{264D1D06-8E8A-40A8-BC78-65F2DC096956}.Release|Any CPU.Build.0 = Release|Any CPU
		{98B9AEA7-6EDE-4C06-8AEE-4A6961304ED2}.Debug|Any CPU.ActiveCfg = Debug|Any CPU
		{98B9AEA7-6EDE-4C06-8AEE-4A6961304ED2}.Debug|Any CPU.Build.0 = Debug|Any CPU
		{98B9AEA7-6EDE-4C06-8AEE-4A6961304ED2}.Release|Any CPU.ActiveCfg = Release|Any CPU
		{98B9AEA7-6EDE-4C06-8AEE-4A6961304ED2}.Release|Any CPU.Build.0 = Release|Any CPU
		{99FD2BEF-FB2E-4B35-8C88-F1101B4E2143}.Debug|Any CPU.ActiveCfg = Debug|Any CPU
		{99FD2BEF-FB2E-4B35-8C88-F1101B4E2143}.Debug|Any CPU.Build.0 = Debug|Any CPU
		{99FD2BEF-FB2E-4B35-8C88-F1101B4E2143}.Release|Any CPU.ActiveCfg = Release|Any CPU
		{99FD2BEF-FB2E-4B35-8C88-F1101B4E2143}.Release|Any CPU.Build.0 = Release|Any CPU
	EndGlobalSection
	GlobalSection(SolutionProperties) = preSolution
		HideSolutionNode = FALSE
	EndGlobalSection
	GlobalSection(ExtensibilityGlobals) = postSolution
		SolutionGuid = {34A8FC7B-3895-460B-9F5C-F4906EBC675B}
	EndGlobalSection
EndGlobal
